
Microsoft Visual Studio Solution File, Format Version 11.00
# Visual C# Express 2010
Project("{FAE04EC0-301F-11D3-BF4B-00C04F79EFBC}") = "AndrewTweddle.Tron.Core", "AndrewTweddle.Tron.Core\AndrewTweddle.Tron.Core.csproj", "{48EBBB82-4B49-4EC6-BEFA-D0ED8F696CF4}"
EndProject
Project("{FAE04EC0-301F-11D3-BF4B-00C04F79EFBC}") = "AndrewTweddle.Tron.Bots", "AndrewTweddle.Tron.Bots\AndrewTweddle.Tron.Bots.csproj", "{0444A4FD-918E-469A-AAA7-A100D3003EEF}"
EndProject
Project("{FAE04EC0-301F-11D3-BF4B-00C04F79EFBC}") = "AndrewTweddle.Tron.UI", "AndrewTweddle.Tron.UI\AndrewTweddle.Tron.UI.csproj", "{E68571B7-E9CE-4964-8B4F-782171E8C8B0}"
EndProject
Project("{FAE04EC0-301F-11D3-BF4B-00C04F79EFBC}") = "AndrewTweddle.Tron.Console", "AndrewTweddle.Tron.Console\AndrewTweddle.Tron.Console.csproj", "{DEC27956-BBC7-4B02-AE19-3B8682A5AE71}"
EndProject
Global
	GlobalSection(SolutionConfigurationPlatforms) = preSolution
		Debug|Any CPU = Debug|Any CPU
		Debug|Mixed Platforms = Debug|Mixed Platforms
		Debug|x86 = Debug|x86
		Release|Any CPU = Release|Any CPU
		Release|Mixed Platforms = Release|Mixed Platforms
		Release|x86 = Release|x86
	EndGlobalSection
	GlobalSection(ProjectConfigurationPlatforms) = postSolution
		{48EBBB82-4B49-4EC6-BEFA-D0ED8F696CF4}.Debug|Any CPU.ActiveCfg = Debug|Any CPU
		{48EBBB82-4B49-4EC6-BEFA-D0ED8F696CF4}.Debug|Any CPU.Build.0 = Debug|Any CPU
		{48EBBB82-4B49-4EC6-BEFA-D0ED8F696CF4}.Debug|Mixed Platforms.ActiveCfg = Debug|Any CPU
		{48EBBB82-4B49-4EC6-BEFA-D0ED8F696CF4}.Debug|Mixed Platforms.Build.0 = Debug|Any CPU
		{48EBBB82-4B49-4EC6-BEFA-D0ED8F696CF4}.Debug|x86.ActiveCfg = Debug|Any CPU
		{48EBBB82-4B49-4EC6-BEFA-D0ED8F696CF4}.Release|Any CPU.ActiveCfg = Release|Any CPU
		{48EBBB82-4B49-4EC6-BEFA-D0ED8F696CF4}.Release|Any CPU.Build.0 = Release|Any CPU
		{48EBBB82-4B49-4EC6-BEFA-D0ED8F696CF4}.Release|Mixed Platforms.ActiveCfg = Release|Any CPU
		{48EBBB82-4B49-4EC6-BEFA-D0ED8F696CF4}.Release|Mixed Platforms.Build.0 = Release|Any CPU
		{48EBBB82-4B49-4EC6-BEFA-D0ED8F696CF4}.Release|x86.ActiveCfg = Release|Any CPU
		{0444A4FD-918E-469A-AAA7-A100D3003EEF}.Debug|Any CPU.ActiveCfg = Debug|Any CPU
		{0444A4FD-918E-469A-AAA7-A100D3003EEF}.Debug|Any CPU.Build.0 = Debug|Any CPU
		{0444A4FD-918E-469A-AAA7-A100D3003EEF}.Debug|Mixed Platforms.ActiveCfg = Debug|Any CPU
		{0444A4FD-918E-469A-AAA7-A100D3003EEF}.Debug|Mixed Platforms.Build.0 = Debug|Any CPU
		{0444A4FD-918E-469A-AAA7-A100D3003EEF}.Debug|x86.ActiveCfg = Debug|Any CPU
		{0444A4FD-918E-469A-AAA7-A100D3003EEF}.Release|Any CPU.ActiveCfg = Release|Any CPU
		{0444A4FD-918E-469A-AAA7-A100D3003EEF}.Release|Any CPU.Build.0 = Release|Any CPU
		{0444A4FD-918E-469A-AAA7-A100D3003EEF}.Release|Mixed Platforms.ActiveCfg = Release|Any CPU
		{0444A4FD-918E-469A-AAA7-A100D3003EEF}.Release|Mixed Platforms.Build.0 = Release|Any CPU
		{0444A4FD-918E-469A-AAA7-A100D3003EEF}.Release|x86.ActiveCfg = Release|Any CPU
		{E68571B7-E9CE-4964-8B4F-782171E8C8B0}.Debug|Any CPU.ActiveCfg = Debug|x86
		{E68571B7-E9CE-4964-8B4F-782171E8C8B0}.Debug|Mixed Platforms.ActiveCfg = Debug|x86
		{E68571B7-E9CE-4964-8B4F-782171E8C8B0}.Debug|Mixed Platforms.Build.0 = Debug|x86
		{E68571B7-E9CE-4964-8B4F-782171E8C8B0}.Debug|x86.ActiveCfg = Debug|x86
		{E68571B7-E9CE-4964-8B4F-782171E8C8B0}.Debug|x86.Build.0 = Debug|x86
		{E68571B7-E9CE-4964-8B4F-782171E8C8B0}.Release|Any CPU.ActiveCfg = Release|x86
		{E68571B7-E9CE-4964-8B4F-782171E8C8B0}.Release|Mixed Platforms.ActiveCfg = Release|x86
		{E68571B7-E9CE-4964-8B4F-782171E8C8B0}.Release|Mixed Platforms.Build.0 = Release|x86
		{E68571B7-E9CE-4964-8B4F-782171E8C8B0}.Release|x86.ActiveCfg = Release|x86
		{E68571B7-E9CE-4964-8B4F-782171E8C8B0}.Release|x86.Build.0 = Release|x86
		{DEC27956-BBC7-4B02-AE19-3B8682A5AE71}.Debug|Any CPU.ActiveCfg = Debug|x86
		{DEC27956-BBC7-4B02-AE19-3B8682A5AE71}.Debug|Mixed Platforms.ActiveCfg = Debug|x86
		{DEC27956-BBC7-4B02-AE19-3B8682A5AE71}.Debug|Mixed Platforms.Build.0 = Debug|x86
		{DEC27956-BBC7-4B02-AE19-3B8682A5AE71}.Debug|x86.ActiveCfg = Debug|x86
		{DEC27956-BBC7-4B02-AE19-3B8682A5AE71}.Debug|x86.Build.0 = Debug|x86
		{DEC27956-BBC7-4B02-AE19-3B8682A5AE71}.Release|Any CPU.ActiveCfg = Release|x86
		{DEC27956-BBC7-4B02-AE19-3B8682A5AE71}.Release|Mixed Platforms.ActiveCfg = Release|x86
		{DEC27956-BBC7-4B02-AE19-3B8682A5AE71}.Release|Mixed Platforms.Build.0 = Release|x86
		{DEC27956-BBC7-4B02-AE19-3B8682A5AE71}.Release|x86.ActiveCfg = Release|x86
		{DEC27956-BBC7-4B02-AE19-3B8682A5AE71}.Release|x86.Build.0 = Release|x86
	EndGlobalSection
	GlobalSection(SolutionProperties) = preSolution
		HideSolutionNode = FALSE
	EndGlobalSection
EndGlobal
